
Microsoft Visual Studio Solution File, Format Version 12.00
# Visual Studio Express 2012 for Windows Desktop
Project("{8BC9CEB8-8B4A-11D0-8D11-00A0C91BC942}") = "161006_인접행렬을 이용한 그래프 표현 구현", "161006_인접행렬을 이용한 그래프 표현 구현\161006_인접행렬을 이용한 그래프 표현 구현.vcxproj", "{B1A36FAA-D5EF-4123-AA30-CB167CE33EC3}"
EndProject
Global
	GlobalSection(SolutionConfigurationPlatforms) = preSolution
		Debug|Win32 = Debug|Win32
		Release|Win32 = Release|Win32
	EndGlobalSection
	GlobalSection(ProjectConfigurationPlatforms) = postSolution
		{B1A36FAA-D5EF-4123-AA30-CB167CE33EC3}.Debug|Win32.ActiveCfg = Debug|Win32
		{B1A36FAA-D5EF-4123-AA30-CB167CE33EC3}.Debug|Win32.Build.0 = Debug|Win32
		{B1A36FAA-D5EF-4123-AA30-CB167CE33EC3}.Release|Win32.ActiveCfg = Release|Win32
		{B1A36FAA-D5EF-4123-AA30-CB167CE33EC3}.Release|Win32.Build.0 = Release|Win32
	EndGlobalSection
	GlobalSection(SolutionProperties) = preSolution
		HideSolutionNode = FALSE
	EndGlobalSection
EndGlobal
