
Microsoft Visual Studio Solution File, Format Version 12.00
# Visual Studio 2012
Project("{8BC9CEB8-8B4A-11D0-8D11-00A0C91BC942}") = "161101_해쉬테이블 성능분석", "161101_해쉬테이블 성능분석\161101_해쉬테이블 성능분석.vcxproj", "{543F047E-A312-451A-B368-9DC2F284726E}"
EndProject
Global
	GlobalSection(SolutionConfigurationPlatforms) = preSolution
		Debug|Win32 = Debug|Win32
		Release|Win32 = Release|Win32
	EndGlobalSection
	GlobalSection(ProjectConfigurationPlatforms) = postSolution
		{543F047E-A312-451A-B368-9DC2F284726E}.Debug|Win32.ActiveCfg = Debug|Win32
		{543F047E-A312-451A-B368-9DC2F284726E}.Debug|Win32.Build.0 = Debug|Win32
		{543F047E-A312-451A-B368-9DC2F284726E}.Release|Win32.ActiveCfg = Release|Win32
		{543F047E-A312-451A-B368-9DC2F284726E}.Release|Win32.Build.0 = Release|Win32
	EndGlobalSection
	GlobalSection(SolutionProperties) = preSolution
		HideSolutionNode = FALSE
	EndGlobalSection
EndGlobal
