
Microsoft Visual Studio Solution File, Format Version 12.00
# Visual Studio Express 2012 for Windows Desktop
Project("{8BC9CEB8-8B4A-11D0-8D11-00A0C91BC942}") = "161101_해쉬테이블 성능분석2", "161101_해쉬테이블 성능분석2\161101_해쉬테이블 성능분석2.vcxproj", "{78593247-E735-4211-97B6-1CB232595918}"
EndProject
Global
	GlobalSection(SolutionConfigurationPlatforms) = preSolution
		Debug|Win32 = Debug|Win32
		Release|Win32 = Release|Win32
	EndGlobalSection
	GlobalSection(ProjectConfigurationPlatforms) = postSolution
		{78593247-E735-4211-97B6-1CB232595918}.Debug|Win32.ActiveCfg = Debug|Win32
		{78593247-E735-4211-97B6-1CB232595918}.Debug|Win32.Build.0 = Debug|Win32
		{78593247-E735-4211-97B6-1CB232595918}.Release|Win32.ActiveCfg = Release|Win32
		{78593247-E735-4211-97B6-1CB232595918}.Release|Win32.Build.0 = Release|Win32
	EndGlobalSection
	GlobalSection(SolutionProperties) = preSolution
		HideSolutionNode = FALSE
	EndGlobalSection
EndGlobal
