
Microsoft Visual Studio Solution File, Format Version 12.00
# Visual Studio Express 2012 for Windows Desktop
Project("{8BC9CEB8-8B4A-11D0-8D11-00A0C91BC942}") = "161117_순차탐색과 이진탐색의 성능분석", "161117_순차탐색과 이진탐색의 성능분석\161117_순차탐색과 이진탐색의 성능분석.vcxproj", "{A6EC358E-CB5D-46E9-B035-A74021B066ED}"
EndProject
Global
	GlobalSection(SolutionConfigurationPlatforms) = preSolution
		Debug|Win32 = Debug|Win32
		Release|Win32 = Release|Win32
	EndGlobalSection
	GlobalSection(ProjectConfigurationPlatforms) = postSolution
		{A6EC358E-CB5D-46E9-B035-A74021B066ED}.Debug|Win32.ActiveCfg = Debug|Win32
		{A6EC358E-CB5D-46E9-B035-A74021B066ED}.Debug|Win32.Build.0 = Debug|Win32
		{A6EC358E-CB5D-46E9-B035-A74021B066ED}.Release|Win32.ActiveCfg = Release|Win32
		{A6EC358E-CB5D-46E9-B035-A74021B066ED}.Release|Win32.Build.0 = Release|Win32
	EndGlobalSection
	GlobalSection(SolutionProperties) = preSolution
		HideSolutionNode = FALSE
	EndGlobalSection
EndGlobal
